<?xml version="1.0" encoding="utf-8"?>
<Project ToolsVersion="4.0" xmlns="http://schemas.microsoft.com/developer/msbuild/2003">
  <ItemGroup>
    <Filter Include="Main">
      <UniqueIdentifier>{d15bd531-262e-40b9-9192-732adc807db9}</UniqueIdentifier>
    </Filter>
    <Filter Include="Managers">
      <UniqueIdentifier>{16c66e1b-e9ca-4f48-97e4-850b19b8c65c}</UniqueIdentifier>
    </Filter>
    <Filter Include="Third Party %28i.e. tinyxml%29">
      <UniqueIdentifier>{fd395c98-1fc8-43c9-ab1a-90569301246a}</UniqueIdentifier>
    </Filter>
    <Filter Include="Tile Map Stuff">
      <UniqueIdentifier>{45cb8450-136c-443c-aba5-7c81722a7f18}</UniqueIdentifier>
    </Filter>
    <Filter Include="Tile Map Stuff\tmx File Handling">
      <UniqueIdentifier>{91e3be65-c78b-4ee4-9c93-a908e0943139}</UniqueIdentifier>
    </Filter>
    <Filter Include="Tile Map Stuff\tsx File Handling">
      <UniqueIdentifier>{f66c2839-d2b5-4f02-b846-e412c1cf2075}</UniqueIdentifier>
    </Filter>
    <Filter Include="Screen Management">
      <UniqueIdentifier>{f88f0e74-6ed9-4db7-9d47-00149633bc20}</UniqueIdentifier>
    </Filter>
    <Filter Include="Screen Management\Transitions">
      <UniqueIdentifier>{8d5fbf71-7903-4fff-97da-514880e63c6e}</UniqueIdentifier>
    </Filter>
    <Filter Include="Screen Management\Screens">
      <UniqueIdentifier>{02b6d3c5-fa9d-45de-8d99-a16b016896d8}</UniqueIdentifier>
    </Filter>
  </ItemGroup>
  <ItemGroup>
    <ClCompile Include="main.cpp">
      <Filter>Main</Filter>
    </ClCompile>
    <ClCompile Include="TextureManager.cpp">
      <Filter>Managers</Filter>
    </ClCompile>
    <ClCompile Include="tinyxml2.cpp">
      <Filter>Third Party %28i.e. tinyxml%29</Filter>
    </ClCompile>
    <ClCompile Include="StringManipulator.cpp">
      <Filter>Managers</Filter>
    </ClCompile>
    <ClCompile Include="TileMapRenderer.cpp">
      <Filter>Tile Map Stuff</Filter>
    </ClCompile>
    <ClCompile Include="TileMapData.cpp">
      <Filter>Tile Map Stuff\tmx File Handling</Filter>
    </ClCompile>
    <ClCompile Include="TileMapDataSerialiser.cpp">
      <Filter>Tile Map Stuff\tmx File Handling</Filter>
    </ClCompile>
    <ClCompile Include="TileSetDataSerialiser.cpp">
      <Filter>Tile Map Stuff\tsx File Handling</Filter>
    </ClCompile>
    <ClCompile Include="TileSetData.cpp">
      <Filter>Tile Map Stuff\tsx File Handling</Filter>
    </ClCompile>
    <ClCompile Include="TileMapObject.cpp">
      <Filter>Tile Map Stuff</Filter>
    </ClCompile>
    <ClCompile Include="SceneManager.cpp">
      <Filter>Screen Management</Filter>
    </ClCompile>
    <ClCompile Include="Scene.cpp">
      <Filter>Screen Management</Filter>
    </ClCompile>
    <ClCompile Include="SceneTransition.cpp">
      <Filter>Screen Management\Transitions</Filter>
    </ClCompile>
    <ClCompile Include="FadeColour.cpp">
      <Filter>Screen Management\Transitions</Filter>
    </ClCompile>
    <ClCompile Include="Transitioner.cpp">
      <Filter>Screen Management\Transitions</Filter>
    </ClCompile>
    <ClCompile Include="OverworldScreen.cpp">
      <Filter>Screen Management\Screens</Filter>
    </ClCompile>
    <ClCompile Include="AnotherScreen.cpp">
      <Filter>Screen Management\Screens</Filter>
    </ClCompile>
  </ItemGroup>
  <ItemGroup>
    <ClInclude Include="TextureManager.h">
      <Filter>Managers</Filter>
    </ClInclude>
    <ClInclude Include="tinyxml2.h">
      <Filter>Third Party %28i.e. tinyxml%29</Filter>
    </ClInclude>
    <ClInclude Include="TileMapRenderer.h">
      <Filter>Tile Map Stuff</Filter>
    </ClInclude>
    <ClInclude Include="TileMapManager.h">
      <Filter>Tile Map Stuff</Filter>
    </ClInclude>
    <ClInclude Include="StringManipulator.h">
      <Filter>Managers</Filter>
    </ClInclude>
    <ClInclude Include="TileMapData.h">
      <Filter>Tile Map Stuff\tmx File Handling</Filter>
    </ClInclude>
    <ClInclude Include="TileMapDataSerialiser.h">
      <Filter>Tile Map Stuff\tmx File Handling</Filter>
    </ClInclude>
    <ClInclude Include="TileSetData.h">
      <Filter>Tile Map Stuff\tsx File Handling</Filter>
    </ClInclude>
    <ClInclude Include="TileSetDataSerialiser.h">
      <Filter>Tile Map Stuff\tsx File Handling</Filter>
    </ClInclude>
    <ClInclude Include="TileMapObject.h">
      <Filter>Tile Map Stuff</Filter>
    </ClInclude>
    <ClInclude Include="SceneManager.h">
      <Filter>Screen Management</Filter>
    </ClInclude>
    <ClInclude Include="Scene.h">
      <Filter>Screen Management</Filter>
    </ClInclude>
    <ClInclude Include="SceneTransition.h">
      <Filter>Screen Management\Transitions</Filter>
    </ClInclude>
    <ClInclude Include="FadeColour.h">
      <Filter>Screen Management\Transitions</Filter>
    </ClInclude>
    <ClInclude Include="Transitioner.h">
      <Filter>Screen Management\Transitions</Filter>
    </ClInclude>
    <ClInclude Include="OverworldScreen.h">
      <Filter>Screen Management\Screens</Filter>
    </ClInclude>
    <ClInclude Include="AnotherScreen.h">
      <Filter>Screen Management\Screens</Filter>
    </ClInclude>
  </ItemGroup>
</Project>